
Microsoft Visual Studio Solution File, Format Version 12.00
# Visual Studio Version 17
VisualStudioVersion = 17.3.32929.385
MinimumVisualStudioVersion = 10.0.40219.1
Project("{9A19103F-16F7-4668-BE54-9A1E7A4F7556}") = "APIGateways", "APIGateways\APIGateways.csproj", "{F2B08BD8-801D-428E-80D1-32D24EE5A63D}"
EndProject
Project("{2150E333-8FDC-42A3-9474-1A3956D46DE8}") = "Catalog", "Catalog", "{4743F3AE-FDD9-4F94-B531-ECE7AB112537}"
EndProject
Project("{2150E333-8FDC-42A3-9474-1A3956D46DE8}") = "Borrowing", "Borrowing", "{3F89449C-DC62-4F85-A5AC-17FD6A95E763}"
EndProject
Project("{2150E333-8FDC-42A3-9474-1A3956D46DE8}") = "Member", "Member", "{38BF7491-0006-4128-AE9B-C25EA187D9BB}"
EndProject
Project("{9A19103F-16F7-4668-BE54-9A1E7A4F7556}") = "Catalog.API", "Catalog.API\Catalog.API.csproj", "{FC9053C2-6578-46B6-8ED9-FC769C65AF3C}"
EndProject
Project("{9A19103F-16F7-4668-BE54-9A1E7A4F7556}") = "Identity", "Identity\Identity.csproj", "{C8715CF0-EC07-4F65-85F6-EBC44A227276}"
EndProject
Project("{9A19103F-16F7-4668-BE54-9A1E7A4F7556}") = "JwtAuthenticationManager", "JwtAuthenticationManager\JwtAuthenticationManager.csproj", "{FB327CE0-6024-4670-9166-3018032E3F88}"
EndProject
Project("{9A19103F-16F7-4668-BE54-9A1E7A4F7556}") = "Member.API", "Member.API\Member.API.csproj", "{DE985B7C-D8ED-4E08-A3A6-04F8FBB18654}"
EndProject
Project("{9A19103F-16F7-4668-BE54-9A1E7A4F7556}") = "Common", "Common\Common.csproj", "{3937ECC7-748A-48C3-AE66-AF5E5CE51510}"
EndProject
Project("{FAE04EC0-301F-11D3-BF4B-00C04F79EFBC}") = "Borrowing.API", "Borrowing.API\Borrowing.API.csproj", "{4AF766AF-A691-4B8C-9D92-7EA7547B0188}"
EndProject
Global
	GlobalSection(SolutionConfigurationPlatforms) = preSolution
		Debug|Any CPU = Debug|Any CPU
		Release|Any CPU = Release|Any CPU
	EndGlobalSection
	GlobalSection(ProjectConfigurationPlatforms) = postSolution
		{F2B08BD8-801D-428E-80D1-32D24EE5A63D}.Debug|Any CPU.ActiveCfg = Debug|Any CPU
		{F2B08BD8-801D-428E-80D1-32D24EE5A63D}.Debug|Any CPU.Build.0 = Debug|Any CPU
		{F2B08BD8-801D-428E-80D1-32D24EE5A63D}.Release|Any CPU.ActiveCfg = Release|Any CPU
		{F2B08BD8-801D-428E-80D1-32D24EE5A63D}.Release|Any CPU.Build.0 = Release|Any CPU
		{FC9053C2-6578-46B6-8ED9-FC769C65AF3C}.Debug|Any CPU.ActiveCfg = Debug|Any CPU
		{FC9053C2-6578-46B6-8ED9-FC769C65AF3C}.Debug|Any CPU.Build.0 = Debug|Any CPU
		{FC9053C2-6578-46B6-8ED9-FC769C65AF3C}.Release|Any CPU.ActiveCfg = Release|Any CPU
		{FC9053C2-6578-46B6-8ED9-FC769C65AF3C}.Release|Any CPU.Build.0 = Release|Any CPU
		{C8715CF0-EC07-4F65-85F6-EBC44A227276}.Debug|Any CPU.ActiveCfg = Debug|Any CPU
		{C8715CF0-EC07-4F65-85F6-EBC44A227276}.Debug|Any CPU.Build.0 = Debug|Any CPU
		{C8715CF0-EC07-4F65-85F6-EBC44A227276}.Release|Any CPU.ActiveCfg = Release|Any CPU
		{C8715CF0-EC07-4F65-85F6-EBC44A227276}.Release|Any CPU.Build.0 = Release|Any CPU
		{FB327CE0-6024-4670-9166-3018032E3F88}.Debug|Any CPU.ActiveCfg = Debug|Any CPU
		{FB327CE0-6024-4670-9166-3018032E3F88}.Debug|Any CPU.Build.0 = Debug|Any CPU
		{FB327CE0-6024-4670-9166-3018032E3F88}.Release|Any CPU.ActiveCfg = Release|Any CPU
		{FB327CE0-6024-4670-9166-3018032E3F88}.Release|Any CPU.Build.0 = Release|Any CPU
		{DE985B7C-D8ED-4E08-A3A6-04F8FBB18654}.Debug|Any CPU.ActiveCfg = Debug|Any CPU
		{DE985B7C-D8ED-4E08-A3A6-04F8FBB18654}.Debug|Any CPU.Build.0 = Debug|Any CPU
		{DE985B7C-D8ED-4E08-A3A6-04F8FBB18654}.Release|Any CPU.ActiveCfg = Release|Any CPU
		{DE985B7C-D8ED-4E08-A3A6-04F8FBB18654}.Release|Any CPU.Build.0 = Release|Any CPU
		{3937ECC7-748A-48C3-AE66-AF5E5CE51510}.Debug|Any CPU.ActiveCfg = Debug|Any CPU
		{3937ECC7-748A-48C3-AE66-AF5E5CE51510}.Debug|Any CPU.Build.0 = Debug|Any CPU
		{3937ECC7-748A-48C3-AE66-AF5E5CE51510}.Release|Any CPU.ActiveCfg = Release|Any CPU
		{3937ECC7-748A-48C3-AE66-AF5E5CE51510}.Release|Any CPU.Build.0 = Release|Any CPU
		{4AF766AF-A691-4B8C-9D92-7EA7547B0188}.Debug|Any CPU.ActiveCfg = Debug|Any CPU
		{4AF766AF-A691-4B8C-9D92-7EA7547B0188}.Debug|Any CPU.Build.0 = Debug|Any CPU
		{4AF766AF-A691-4B8C-9D92-7EA7547B0188}.Release|Any CPU.ActiveCfg = Release|Any CPU
		{4AF766AF-A691-4B8C-9D92-7EA7547B0188}.Release|Any CPU.Build.0 = Release|Any CPU
	EndGlobalSection
	GlobalSection(SolutionProperties) = preSolution
		HideSolutionNode = FALSE
	EndGlobalSection
	GlobalSection(NestedProjects) = preSolution
		{FC9053C2-6578-46B6-8ED9-FC769C65AF3C} = {4743F3AE-FDD9-4F94-B531-ECE7AB112537}
		{DE985B7C-D8ED-4E08-A3A6-04F8FBB18654} = {38BF7491-0006-4128-AE9B-C25EA187D9BB}
		{4AF766AF-A691-4B8C-9D92-7EA7547B0188} = {3F89449C-DC62-4F85-A5AC-17FD6A95E763}
	EndGlobalSection
	GlobalSection(ExtensibilityGlobals) = postSolution
		SolutionGuid = {BD9E50F6-8AA3-48BF-BA23-788DEB8C5F3B}
	EndGlobalSection
EndGlobal
